
Microsoft Visual Studio Solution File, Format Version 12.00
# Visual Studio Version 16
VisualStudioVersion = 16.0.32802.440
MinimumVisualStudioVersion = 10.0.40219.1
Project("{9A19103F-16F7-4668-BE54-9A1E7A4F7556}") = "ConsoleApp1", "ConsoleApp1\ConsoleApp1.csproj", "{71404301-2968-4A72-9BC3-0B2096DBA8DA}"
EndProject
Project("{9A19103F-16F7-4668-BE54-9A1E7A4F7556}") = "ConsoleApp2", "ConsoleApp2\ConsoleApp2.csproj", "{D806BD85-327C-4390-BF19-5768DD8AA657}"
EndProject
Project("{FAE04EC0-301F-11D3-BF4B-00C04F79EFBC}") = "ConsoleApp3", "ConsoleApp3\ConsoleApp3.csproj", "{191EF5C6-6208-453A-972A-183E60E143D0}"
EndProject
Project("{FAE04EC0-301F-11D3-BF4B-00C04F79EFBC}") = "ConsoleApp4", "ConsoleApp4\ConsoleApp4.csproj", "{D8874757-519F-461E-99D3-0434F2C4F707}"
EndProject
Project("{FAE04EC0-301F-11D3-BF4B-00C04F79EFBC}") = "ConsoleApp5", "ConsoleApp5\ConsoleApp5.csproj", "{C612ADBA-C192-4F72-A9F6-7CA577357A53}"
EndProject
Global
	GlobalSection(SolutionConfigurationPlatforms) = preSolution
		Debug|Any CPU = Debug|Any CPU
		Release|Any CPU = Release|Any CPU
	EndGlobalSection
	GlobalSection(ProjectConfigurationPlatforms) = postSolution
		{71404301-2968-4A72-9BC3-0B2096DBA8DA}.Debug|Any CPU.ActiveCfg = Debug|Any CPU
		{71404301-2968-4A72-9BC3-0B2096DBA8DA}.Debug|Any CPU.Build.0 = Debug|Any CPU
		{71404301-2968-4A72-9BC3-0B2096DBA8DA}.Release|Any CPU.ActiveCfg = Release|Any CPU
		{71404301-2968-4A72-9BC3-0B2096DBA8DA}.Release|Any CPU.Build.0 = Release|Any CPU
		{D806BD85-327C-4390-BF19-5768DD8AA657}.Debug|Any CPU.ActiveCfg = Debug|Any CPU
		{D806BD85-327C-4390-BF19-5768DD8AA657}.Debug|Any CPU.Build.0 = Debug|Any CPU
		{D806BD85-327C-4390-BF19-5768DD8AA657}.Release|Any CPU.ActiveCfg = Release|Any CPU
		{D806BD85-327C-4390-BF19-5768DD8AA657}.Release|Any CPU.Build.0 = Release|Any CPU
		{191EF5C6-6208-453A-972A-183E60E143D0}.Debug|Any CPU.ActiveCfg = Debug|Any CPU
		{191EF5C6-6208-453A-972A-183E60E143D0}.Debug|Any CPU.Build.0 = Debug|Any CPU
		{191EF5C6-6208-453A-972A-183E60E143D0}.Release|Any CPU.ActiveCfg = Release|Any CPU
		{191EF5C6-6208-453A-972A-183E60E143D0}.Release|Any CPU.Build.0 = Release|Any CPU
		{D8874757-519F-461E-99D3-0434F2C4F707}.Debug|Any CPU.ActiveCfg = Debug|Any CPU
		{D8874757-519F-461E-99D3-0434F2C4F707}.Debug|Any CPU.Build.0 = Debug|Any CPU
		{D8874757-519F-461E-99D3-0434F2C4F707}.Release|Any CPU.ActiveCfg = Release|Any CPU
		{D8874757-519F-461E-99D3-0434F2C4F707}.Release|Any CPU.Build.0 = Release|Any CPU
		{C612ADBA-C192-4F72-A9F6-7CA577357A53}.Debug|Any CPU.ActiveCfg = Debug|Any CPU
		{C612ADBA-C192-4F72-A9F6-7CA577357A53}.Debug|Any CPU.Build.0 = Debug|Any CPU
		{C612ADBA-C192-4F72-A9F6-7CA577357A53}.Release|Any CPU.ActiveCfg = Release|Any CPU
		{C612ADBA-C192-4F72-A9F6-7CA577357A53}.Release|Any CPU.Build.0 = Release|Any CPU
	EndGlobalSection
	GlobalSection(SolutionProperties) = preSolution
		HideSolutionNode = FALSE
	EndGlobalSection
	GlobalSection(ExtensibilityGlobals) = postSolution
		SolutionGuid = {FF0BB348-81B1-417F-AA81-AE0D35BE501B}
	EndGlobalSection
EndGlobal
